
Microsoft Visual Studio Solution File, Format Version 12.00
# Visual Studio 15
VisualStudioVersion = 15.0.28307.902
MinimumVisualStudioVersion = 10.0.40219.1
Project("{FAE04EC0-301F-11D3-BF4B-00C04F79EFBC}") = "Edicas", "Edicas\Edicas.csproj", "{13F06F71-6E1F-4E63-8AF6-1B87C753A983}"
EndProject
Global
	GlobalSection(SolutionConfigurationPlatforms) = preSolution
		Debug|Any CPU = Debug|Any CPU
		Release|Any CPU = Release|Any CPU
	EndGlobalSection
	GlobalSection(ProjectConfigurationPlatforms) = postSolution
		{13F06F71-6E1F-4E63-8AF6-1B87C753A983}.Debug|Any CPU.ActiveCfg = Debug|Any CPU
		{13F06F71-6E1F-4E63-8AF6-1B87C753A983}.Debug|Any CPU.Build.0 = Debug|Any CPU
		{13F06F71-6E1F-4E63-8AF6-1B87C753A983}.Release|Any CPU.ActiveCfg = Release|Any CPU
		{13F06F71-6E1F-4E63-8AF6-1B87C753A983}.Release|Any CPU.Build.0 = Release|Any CPU
	EndGlobalSection
	GlobalSection(SolutionProperties) = preSolution
		HideSolutionNode = FALSE
	EndGlobalSection
	GlobalSection(ExtensibilityGlobals) = postSolution
		SolutionGuid = {9949CA1A-88D4-4E59-BCD2-358812291562}
	EndGlobalSection
EndGlobal
