
Microsoft Visual Studio Solution File, Format Version 12.00
# Visual Studio 15
VisualStudioVersion = 15.0.28307.902
MinimumVisualStudioVersion = 10.0.40219.1
Project("{FAE04EC0-301F-11D3-BF4B-00C04F79EFBC}") = "Edicas", "Edicas\Edicas.csproj", "{8C140699-3802-4458-A0FB-717B57854195}"
EndProject
Global
	GlobalSection(SolutionConfigurationPlatforms) = preSolution
		Debug|Any CPU = Debug|Any CPU
		Release|Any CPU = Release|Any CPU
	EndGlobalSection
	GlobalSection(ProjectConfigurationPlatforms) = postSolution
		{8C140699-3802-4458-A0FB-717B57854195}.Debug|Any CPU.ActiveCfg = Debug|Any CPU
		{8C140699-3802-4458-A0FB-717B57854195}.Debug|Any CPU.Build.0 = Debug|Any CPU
		{8C140699-3802-4458-A0FB-717B57854195}.Release|Any CPU.ActiveCfg = Release|Any CPU
		{8C140699-3802-4458-A0FB-717B57854195}.Release|Any CPU.Build.0 = Release|Any CPU
	EndGlobalSection
	GlobalSection(SolutionProperties) = preSolution
		HideSolutionNode = FALSE
	EndGlobalSection
	GlobalSection(ExtensibilityGlobals) = postSolution
		SolutionGuid = {5AA34A1D-5802-4511-A5B0-DFAE2680721B}
	EndGlobalSection
EndGlobal
