
Microsoft Visual Studio Solution File, Format Version 12.00
# Visual Studio 15
VisualStudioVersion = 15.0.28307.902
MinimumVisualStudioVersion = 10.0.40219.1
Project("{FAE04EC0-301F-11D3-BF4B-00C04F79EFBC}") = "ProyectoWeb", "ProyectoWeb\ProyectoWeb.csproj", "{46EE6F4E-0193-49F8-AA28-21243441C86B}"
EndProject
Global
	GlobalSection(SolutionConfigurationPlatforms) = preSolution
		Debug|Any CPU = Debug|Any CPU
		Release|Any CPU = Release|Any CPU
	EndGlobalSection
	GlobalSection(ProjectConfigurationPlatforms) = postSolution
		{46EE6F4E-0193-49F8-AA28-21243441C86B}.Debug|Any CPU.ActiveCfg = Debug|Any CPU
		{46EE6F4E-0193-49F8-AA28-21243441C86B}.Debug|Any CPU.Build.0 = Debug|Any CPU
		{46EE6F4E-0193-49F8-AA28-21243441C86B}.Release|Any CPU.ActiveCfg = Release|Any CPU
		{46EE6F4E-0193-49F8-AA28-21243441C86B}.Release|Any CPU.Build.0 = Release|Any CPU
	EndGlobalSection
	GlobalSection(SolutionProperties) = preSolution
		HideSolutionNode = FALSE
	EndGlobalSection
	GlobalSection(ExtensibilityGlobals) = postSolution
		SolutionGuid = {7AEDD8C9-6B56-4D69-BAC4-47C51050E8E2}
	EndGlobalSection
EndGlobal
